
Microsoft Visual Studio Solution File, Format Version 12.00
# Visual Studio Version 16
VisualStudioVersion = 16.0.31019.35
MinimumVisualStudioVersion = 10.0.40219.1
Project("{FAE04EC0-301F-11D3-BF4B-00C04F79EFBC}") = "RogerPagesMovies", "RogerPagesMovies.csproj", "{AE72A113-2419-4E22-AB16-1EDE2F6DDCE1}"
EndProject
Global
	GlobalSection(SolutionConfigurationPlatforms) = preSolution
		Debug|Any CPU = Debug|Any CPU
		Release|Any CPU = Release|Any CPU
	EndGlobalSection
	GlobalSection(ProjectConfigurationPlatforms) = postSolution
		{AE72A113-2419-4E22-AB16-1EDE2F6DDCE1}.Debug|Any CPU.ActiveCfg = Debug|Any CPU
		{AE72A113-2419-4E22-AB16-1EDE2F6DDCE1}.Debug|Any CPU.Build.0 = Debug|Any CPU
		{AE72A113-2419-4E22-AB16-1EDE2F6DDCE1}.Release|Any CPU.ActiveCfg = Release|Any CPU
		{AE72A113-2419-4E22-AB16-1EDE2F6DDCE1}.Release|Any CPU.Build.0 = Release|Any CPU
	EndGlobalSection
	GlobalSection(SolutionProperties) = preSolution
		HideSolutionNode = FALSE
	EndGlobalSection
	GlobalSection(ExtensibilityGlobals) = postSolution
		SolutionGuid = {4879DEA2-25E6-48B2-9514-69CF3E62FB55}
	EndGlobalSection
EndGlobal
